// !$*UTF8*$!
{
	archiveVersion = 1;
	classes = {
	};
	objectVersion = 56;
	objects = {

/* Begin PBXBuildFile section */
		94B60C6E29DAAFF200BB7501 /* mc1App.swift in Sources */ = {isa = PBXBuildFile; fileRef = 94B60C6D29DAAFF200BB7501 /* mc1App.swift */; };
		94B60C7029DAAFF200BB7501 /* ContentView.swift in Sources */ = {isa = PBXBuildFile; fileRef = 94B60C6F29DAAFF200BB7501 /* ContentView.swift */; };
		94B60C7229DAAFF200BB7501 /* Assets.xcassets in Resources */ = {isa = PBXBuildFile; fileRef = 94B60C7129DAAFF200BB7501 /* Assets.xcassets */; };
		94B60C7529DAAFF200BB7501 /* Preview Assets.xcassets in Resources */ = {isa = PBXBuildFile; fileRef = 94B60C7429DAAFF200BB7501 /* Preview Assets.xcassets */; };
		94B60C7F29DAAFF300BB7501 /* mc1Tests.swift in Sources */ = {isa = PBXBuildFile; fileRef = 94B60C7E29DAAFF300BB7501 /* mc1Tests.swift */; };
		94B60C8929DAAFF300BB7501 /* mc1UITests.swift in Sources */ = {isa = PBXBuildFile; fileRef = 94B60C8829DAAFF300BB7501 /* mc1UITests.swift */; };
		94B60C8B29DAAFF300BB7501 /* mc1UITestsLaunchTests.swift in Sources */ = {isa = PBXBuildFile; fileRef = 94B60C8A29DAAFF300BB7501 /* mc1UITestsLaunchTests.swift */; };
/* End PBXBuildFile section */

/* Begin PBXContainerItemProxy section */
		94B60C7B29DAAFF300BB7501 /* PBXContainerItemProxy */ = {
			isa = PBXContainerItemProxy;
			containerPortal = 94B60C6229DAAFF200BB7501 /* Project object */;
			proxyType = 1;
			remoteGlobalIDString = 94B60C6929DAAFF200BB7501;
			remoteInfo = mc1;
		};
		94B60C8529DAAFF300BB7501 /* PBXContainerItemProxy */ = {
			isa = PBXContainerItemProxy;
			containerPortal = 94B60C6229DAAFF200BB7501 /* Project object */;
			proxyType = 1;
			remoteGlobalIDString = 94B60C6929DAAFF200BB7501;
			remoteInfo = mc1;
		};
/* End PBXContainerItemProxy section */

/* Begin PBXFileReference section */
		94B60C6A29DAAFF200BB7501 /* mc1.app */ = {isa = PBXFileReference; explicitFileType = wrapper.application; includeInIndex = 0; path = mc1.app; sourceTree = BUILT_PRODUCTS_DIR; };
		94B60C6D29DAAFF200BB7501 /* mc1App.swift */ = {isa = PBXFileReference; lastKnownFileType = sourcecode.swift; path = mc1App.swift; sourceTree = "<group>"; };
		94B60C6F29DAAFF200BB7501 /* ContentView.swift */ = {isa = PBXFileReference; lastKnownFileType = sourcecode.swift; path = ContentView.swift; sourceTree = "<group>"; };
		94B60C7129DAAFF200BB7501 /* Assets.xcassets */ = {isa = PBXFileReference; lastKnownFileType = folder.assetcatalog; path = Assets.xcassets; sourceTree = "<group>"; };
		94B60C7429DAAFF200BB7501 /* Preview Assets.xcassets */ = {isa = PBXFileReference; lastKnownFileType = folder.assetcatalog; path = "Preview Assets.xcassets"; sourceTree = "<group>"; };
		94B60C7A29DAAFF300BB7501 /* mc1Tests.xctest */ = {isa = PBXFileReference; explicitFileType = wrapper.cfbundle; includeInIndex = 0; path = mc1Tests.xctest; sourceTree = BUILT_PRODUCTS_DIR; };
		94B60C7E29DAAFF300BB7501 /* mc1Tests.swift */ = {isa = PBXFileReference; lastKnownFileType = sourcecode.swift; path = mc1Tests.swift; sourceTree = "<group>"; };
		94B60C8429DAAFF300BB7501 /* mc1UITests.xctest */ = {isa = PBXFileReference; explicitFileType = wrapper.cfbundle; includeInIndex = 0; path = mc1UITests.xctest; sourceTree = BUILT_PRODUCTS_DIR; };
		94B60C8829DAAFF300BB7501 /* mc1UITests.swift */ = {isa = PBXFileReference; lastKnownFileType = sourcecode.swift; path = mc1UITests.swift; sourceTree = "<group>"; };
		94B60C8A29DAAFF300BB7501 /* mc1UITestsLaunchTests.swift */ = {isa = PBXFileReference; lastKnownFileType = sourcecode.swift; path = mc1UITestsLaunchTests.swift; sourceTree = "<group>"; };
		94B60C9B29DAC22900BB7501 /* Info.plist */ = {isa = PBXFileReference; lastKnownFileType = text.plist; path = Info.plist; sourceTree = "<group>"; };
/* End PBXFileReference section */

/* Begin PBXFrameworksBuildPhase section */
		94B60C6729DAAFF200BB7501 /* Frameworks */ = {
			isa = PBXFrameworksBuildPhase;
			buildActionMask = 2147483647;
			files = (
			);
			runOnlyForDeploymentPostprocessing = 0;
		};
		94B60C7729DAAFF300BB7501 /* Frameworks */ = {
			isa = PBXFrameworksBuildPhase;
			buildActionMask = 2147483647;
			files = (
			);
			runOnlyForDeploymentPostprocessing = 0;
		};
		94B60C8129DAAFF300BB7501 /* Frameworks */ = {
			isa = PBXFrameworksBuildPhase;
			buildActionMask = 2147483647;
			files = (
			);
			runOnlyForDeploymentPostprocessing = 0;
		};
/* End PBXFrameworksBuildPhase section */

/* Begin PBXGroup section */
		94B60C6129DAAFF200BB7501 = {
			isa = PBXGroup;
			children = (
				94B60C6C29DAAFF200BB7501 /* mc1 */,
				94B60C7D29DAAFF300BB7501 /* mc1Tests */,
				94B60C8729DAAFF300BB7501 /* mc1UITests */,
				94B60C6B29DAAFF200BB7501 /* Products */,
			);
			sourceTree = "<group>";
		};
		94B60C6B29DAAFF200BB7501 /* Products */ = {
			isa = PBXGroup;
			children = (
				94B60C6A29DAAFF200BB7501 /* mc1.app */,
				94B60C7A29DAAFF300BB7501 /* mc1Tests.xctest */,
				94B60C8429DAAFF300BB7501 /* mc1UITests.xctest */,
			);
			name = Products;
			sourceTree = "<group>";
		};
		94B60C6C29DAAFF200BB7501 /* mc1 */ = {
			isa = PBXGroup;
			children = (
				94B60C9B29DAC22900BB7501 /* Info.plist */,
				94B60C6D29DAAFF200BB7501 /* mc1App.swift */,
				94B60C6F29DAAFF200BB7501 /* ContentView.swift */,
				94B60C7129DAAFF200BB7501 /* Assets.xcassets */,
				94B60C7329DAAFF200BB7501 /* Preview Content */,
			);
			path = mc1;
			sourceTree = "<group>";
		};
		94B60C7329DAAFF200BB7501 /* Preview Content */ = {
			isa = PBXGroup;
			children = (
				94B60C7429DAAFF200BB7501 /* Preview Assets.xcassets */,
			);
			path = "Preview Content";
			sourceTree = "<group>";
		};
		94B60C7D29DAAFF300BB7501 /* mc1Tests */ = {
			isa = PBXGroup;
			children = (
				94B60C7E29DAAFF300BB7501 /* mc1Tests.swift */,
			);
			path = mc1Tests;
			sourceTree = "<group>";
		};
		94B60C8729DAAFF300BB7501 /* mc1UITests */ = {
			isa = PBXGroup;
			children = (
				94B60C8829DAAFF300BB7501 /* mc1UITests.swift */,
				94B60C8A29DAAFF300BB7501 /* mc1UITestsLaunchTests.swift */,
			);
			path = mc1UITests;
			sourceTree = "<group>";
		};
/* End PBXGroup section */

/* Begin PBXNativeTarget section */
		94B60C6929DAAFF200BB7501 /* mc1 */ = {
			isa = PBXNativeTarget;
			buildConfigurationList = 94B60C8E29DAAFF300BB7501 /* Build configuration list for PBXNativeTarget "mc1" */;
			buildPhases = (
				94B60C6629DAAFF200BB7501 /* Sources */,
				94B60C6729DAAFF200BB7501 /* Frameworks */,
				94B60C6829DAAFF200BB7501 /* Resources */,
			);
			buildRules = (
			);
			dependencies = (
			);
			name = mc1;
			productName = mc1;
			productReference = 94B60C6A29DAAFF200BB7501 /* mc1.app */;
			productType = "com.apple.product-type.application";
		};
		94B60C7929DAAFF300BB7501 /* mc1Tests */ = {
			isa = PBXNativeTarget;
			buildConfigurationList = 94B60C9129DAAFF300BB7501 /* Build configuration list for PBXNativeTarget "mc1Tests" */;
			buildPhases = (
				94B60C7629DAAFF300BB7501 /* Sources */,
				94B60C7729DAAFF300BB7501 /* Frameworks */,
				94B60C7829DAAFF300BB7501 /* Resources */,
			);
			buildRules = (
			);
			dependencies = (
				94B60C7C29DAAFF300BB7501 /* PBXTargetDependency */,
			);
			name = mc1Tests;
			productName = mc1Tests;
			productReference = 94B60C7A29DAAFF300BB7501 /* mc1Tests.xctest */;
			productType = "com.apple.product-type.bundle.unit-test";
		};
		94B60C8329DAAFF300BB7501 /* mc1UITests */ = {
			isa = PBXNativeTarget;
			buildConfigurationList = 94B60C9429DAAFF300BB7501 /* Build configuration list for PBXNativeTarget "mc1UITests" */;
			buildPhases = (
				94B60C8029DAAFF300BB7501 /* Sources */,
				94B60C8129DAAFF300BB7501 /* Frameworks */,
				94B60C8229DAAFF300BB7501 /* Resources */,
			);
			buildRules = (
			);
			dependencies = (
				94B60C8629DAAFF300BB7501 /* PBXTargetDependency */,
			);
			name = mc1UITests;
			productName = mc1UITests;
			productReference = 94B60C8429DAAFF300BB7501 /* mc1UITests.xctest */;
			productType = "com.apple.product-type.bundle.ui-testing";
		};
/* End PBXNativeTarget section */

/* Begin PBXProject section */
		94B60C6229DAAFF200BB7501 /* Project object */ = {
			isa = PBXProject;
			attributes = {
				BuildIndependentTargetsInParallel = 1;
				LastSwiftUpdateCheck = 1420;
				LastUpgradeCheck = 1420;
				TargetAttributes = {
					94B60C6929DAAFF200BB7501 = {
						CreatedOnToolsVersion = 14.2;
					};
					94B60C7929DAAFF300BB7501 = {
						CreatedOnToolsVersion = 14.2;
						TestTargetID = 94B60C6929DAAFF200BB7501;
					};
					94B60C8329DAAFF300BB7501 = {
						CreatedOnToolsVersion = 14.2;
						TestTargetID = 94B60C6929DAAFF200BB7501;
					};
				};
			};
			buildConfigurationList = 94B60C6529DAAFF200BB7501 /* Build configuration list for PBXProject "mc1" */;
			compatibilityVersion = "Xcode 14.0";
			developmentRegion = en;
			hasScannedForEncodings = 0;
			knownRegions = (
				en,
				Base,
			);
			mainGroup = 94B60C6129DAAFF200BB7501;
			productRefGroup = 94B60C6B29DAAFF200BB7501 /* Products */;
			projectDirPath = "";
			projectRoot = "";
			targets = (
				94B60C6929DAAFF200BB7501 /* mc1 */,
				94B60C7929DAAFF300BB7501 /* mc1Tests */,
				94B60C8329DAAFF300BB7501 /* mc1UITests */,
			);
		};
/* End PBXProject section */

/* Begin PBXResourcesBuildPhase section */
		94B60C6829DAAFF200BB7501 /* Resources */ = {
			isa = PBXResourcesBuildPhase;
			buildActionMask = 2147483647;
			files = (
				94B60C7529DAAFF200BB7501 /* Preview Assets.xcassets in Resources */,
				94B60C7229DAAFF200BB7501 /* Assets.xcassets in Resources */,
			);
			runOnlyForDeploymentPostprocessing = 0;
		};
		94B60C7829DAAFF300BB7501 /* Resources */ = {
			isa = PBXResourcesBuildPhase;
			buildActionMask = 2147483647;
			files = (
			);
			runOnlyForDeploymentPostprocessing = 0;
		};
		94B60C8229DAAFF300BB7501 /* Resources */ = {
			isa = PBXResourcesBuildPhase;
			buildActionMask = 2147483647;
			files = (
			);
			runOnlyForDeploymentPostprocessing = 0;
		};
/* End PBXResourcesBuildPhase section */

/* Begin PBXSourcesBuildPhase section */
		94B60C6629DAAFF200BB7501 /* Sources */ = {
			isa = PBXSourcesBuildPhase;
			buildActionMask = 2147483647;
			files = (
				94B60C7029DAAFF200BB7501 /* ContentView.swift in Sources */,
				94B60C6E29DAAFF200BB7501 /* mc1App.swift in Sources */,
			);
			runOnlyForDeploymentPostprocessing = 0;
		};
		94B60C7629DAAFF300BB7501 /* Sources */ = {
			isa = PBXSourcesBuildPhase;
			buildActionMask = 2147483647;
			files = (
				94B60C7F29DAAFF300BB7501 /* mc1Tests.swift in Sources */,
			);
			runOnlyForDeploymentPostprocessing = 0;
		};
		94B60C8029DAAFF300BB7501 /* Sources */ = {
			isa = PBXSourcesBuildPhase;
			buildActionMask = 2147483647;
			files = (
				94B60C8B29DAAFF300BB7501 /* mc1UITestsLaunchTests.swift in Sources */,
				94B60C8929DAAFF300BB7501 /* mc1UITests.swift in Sources */,
			);
			runOnlyForDeploymentPostprocessing = 0;
		};
/* End PBXSourcesBuildPhase section */

/* Begin PBXTargetDependency section */
		94B60C7C29DAAFF300BB7501 /* PBXTargetDependency */ = {
			isa = PBXTargetDependency;
			target = 94B60C6929DAAFF200BB7501 /* mc1 */;
			targetProxy = 94B60C7B29DAAFF300BB7501 /* PBXContainerItemProxy */;
		};
		94B60C8629DAAFF300BB7501 /* PBXTargetDependency */ = {
			isa = PBXTargetDependency;
			target = 94B60C6929DAAFF200BB7501 /* mc1 */;
			targetProxy = 94B60C8529DAAFF300BB7501 /* PBXContainerItemProxy */;
		};
/* End PBXTargetDependency section */

/* Begin XCBuildConfiguration section */
		94B60C8C29DAAFF300BB7501 /* Debug */ = {
			isa = XCBuildConfiguration;
			buildSettings = {
				ALWAYS_SEARCH_USER_PATHS = NO;
				CLANG_ANALYZER_NONNULL = YES;
				CLANG_ANALYZER_NUMBER_OBJECT_CONVERSION = YES_AGGRESSIVE;
				CLANG_CXX_LANGUAGE_STANDARD = "gnu++20";
				CLANG_ENABLE_MODULES = YES;
				CLANG_ENABLE_OBJC_ARC = YES;
				CLANG_ENABLE_OBJC_WEAK = YES;
				CLANG_WARN_BLOCK_CAPTURE_AUTORELEASING = YES;
				CLANG_WARN_BOOL_CONVERSION = YES;
				CLANG_WARN_COMMA = YES;
				CLANG_WARN_CONSTANT_CONVERSION = YES;
				CLANG_WARN_DEPRECATED_OBJC_IMPLEMENTATIONS = YES;
				CLANG_WARN_DIRECT_OBJC_ISA_USAGE = YES_ERROR;
				CLANG_WARN_DOCUMENTATION_COMMENTS = YES;
				CLANG_WARN_EMPTY_BODY = YES;
				CLANG_WARN_ENUM_CONVERSION = YES;
				CLANG_WARN_INFINITE_RECURSION = YES;
				CLANG_WARN_INT_CONVERSION = YES;
				CLANG_WARN_NON_LITERAL_NULL_CONVERSION = YES;
				CLANG_WARN_OBJC_IMPLICIT_RETAIN_SELF = YES;
				CLANG_WARN_OBJC_LITERAL_CONVERSION = YES;
				CLANG_WARN_OBJC_ROOT_CLASS = YES_ERROR;
				CLANG_WARN_QUOTED_INCLUDE_IN_FRAMEWORK_HEADER = YES;
				CLANG_WARN_RANGE_LOOP_ANALYSIS = YES;
				CLANG_WARN_STRICT_PROTOTYPES = YES;
				CLANG_WARN_SUSPICIOUS_MOVE = YES;
				CLANG_WARN_UNGUARDED_AVAILABILITY = YES_AGGRESSIVE;
				CLANG_WARN_UNREACHABLE_CODE = YES;
				CLANG_WARN__DUPLICATE_METHOD_MATCH = YES;
				COPY_PHASE_STRIP = NO;
				DEBUG_INFORMATION_FORMAT = dwarf;
				ENABLE_STRICT_OBJC_MSGSEND = YES;
				ENABLE_TESTABILITY = YES;
				GCC_C_LANGUAGE_STANDARD = gnu11;
				GCC_DYNAMIC_NO_PIC = NO;
				GCC_NO_COMMON_BLOCKS = YES;
				GCC_OPTIMIZATION_LEVEL = 0;
				GCC_PREPROCESSOR_DEFINITIONS = (
					"DEBUG=1",
					"$(inherited)",
				);
				GCC_WARN_64_TO_32_BIT_CONVERSION = YES;
				GCC_WARN_ABOUT_RETURN_TYPE = YES_ERROR;
				GCC_WARN_UNDECLARED_SELECTOR = YES;
				GCC_WARN_UNINITIALIZED_AUTOS = YES_AGGRESSIVE;
				GCC_WARN_UNUSED_FUNCTION = YES;
				GCC_WARN_UNUSED_VARIABLE = YES;
				IPHONEOS_DEPLOYMENT_TARGET = 16.2;
				MTL_ENABLE_DEBUG_INFO = INCLUDE_SOURCE;
				MTL_FAST_MATH = YES;
				ONLY_ACTIVE_ARCH = YES;
				SDKROOT = iphoneos;
				SWIFT_ACTIVE_COMPILATION_CONDITIONS = DEBUG;
				SWIFT_OPTIMIZATION_LEVEL = "-Onone";
			};
			name = Debug;
		};
		94B60C8D29DAAFF300BB7501 /* Release */ = {
			isa = XCBuildConfiguration;
			buildSettings = {
				ALWAYS_SEARCH_USER_PATHS = NO;
				CLANG_ANALYZER_NONNULL = YES;
				CLANG_ANALYZER_NUMBER_OBJECT_CONVERSION = YES_AGGRESSIVE;
				CLANG_CXX_LANGUAGE_STANDARD = "gnu++20";
				CLANG_ENABLE_MODULES = YES;
				CLANG_ENABLE_OBJC_ARC = YES;
				CLANG_ENABLE_OBJC_WEAK = YES;
				CLANG_WARN_BLOCK_CAPTURE_AUTORELEASING = YES;
				CLANG_WARN_BOOL_CONVERSION = YES;
				CLANG_WARN_COMMA = YES;
				CLANG_WARN_CONSTANT_CONVERSION = YES;
				CLANG_WARN_DEPRECATED_OBJC_IMPLEMENTATIONS = YES;
				CLANG_WARN_DIRECT_OBJC_ISA_USAGE = YES_ERROR;
				CLANG_WARN_DOCUMENTATION_COMMENTS = YES;
				CLANG_WARN_EMPTY_BODY = YES;
				CLANG_WARN_ENUM_CONVERSION = YES;
				CLANG_WARN_INFINITE_RECURSION = YES;
				CLANG_WARN_INT_CONVERSION = YES;
				CLANG_WARN_NON_LITERAL_NULL_CONVERSION = YES;
				CLANG_WARN_OBJC_IMPLICIT_RETAIN_SELF = YES;
				CLANG_WARN_OBJC_LITERAL_CONVERSION = YES;
				CLANG_WARN_OBJC_ROOT_CLASS = YES_ERROR;
				CLANG_WARN_QUOTED_INCLUDE_IN_FRAMEWORK_HEADER = YES;
				CLANG_WARN_RANGE_LOOP_ANALYSIS = YES;
				CLANG_WARN_STRICT_PROTOTYPES = YES;
				CLANG_WARN_SUSPICIOUS_MOVE = YES;
				CLANG_WARN_UNGUARDED_AVAILABILITY = YES_AGGRESSIVE;
				CLANG_WARN_UNREACHABLE_CODE = YES;
				CLANG_WARN__DUPLICATE_METHOD_MATCH = YES;
				COPY_PHASE_STRIP = NO;
				DEBUG_INFORMATION_FORMAT = "dwarf-with-dsym";
				ENABLE_NS_ASSERTIONS = NO;
				ENABLE_STRICT_OBJC_MSGSEND = YES;
				GCC_C_LANGUAGE_STANDARD = gnu11;
				GCC_NO_COMMON_BLOCKS = YES;
				GCC_WARN_64_TO_32_BIT_CONVERSION = YES;
				GCC_WARN_ABOUT_RETURN_TYPE = YES_ERROR;
				GCC_WARN_UNDECLARED_SELECTOR = YES;
				GCC_WARN_UNINITIALIZED_AUTOS = YES_AGGRESSIVE;
				GCC_WARN_UNUSED_FUNCTION = YES;
				GCC_WARN_UNUSED_VARIABLE = YES;
				IPHONEOS_DEPLOYMENT_TARGET = 16.2;
				MTL_ENABLE_DEBUG_INFO = NO;
				MTL_FAST_MATH = YES;
				SDKROOT = iphoneos;
				SWIFT_COMPILATION_MODE = wholemodule;
				SWIFT_OPTIMIZATION_LEVEL = "-O";
				VALIDATE_PRODUCT = YES;
			};
			name = Release;
		};
		94B60C8F29DAAFF300BB7501 /* Debug */ = {
			isa = XCBuildConfiguration;
			buildSettings = {
				ASSETCATALOG_COMPILER_APPICON_NAME = AppIcon;
				ASSETCATALOG_COMPILER_GLOBAL_ACCENT_COLOR_NAME = AccentColor;
				CODE_SIGN_STYLE = Automatic;
				CURRENT_PROJECT_VERSION = 1;
				DEVELOPMENT_ASSET_PATHS = "\"mc1/Preview Content\"";
				DEVELOPMENT_TEAM = 4QQ5D4534V;
				ENABLE_PREVIEWS = YES;
				GENERATE_INFOPLIST_FILE = YES;
				INFOPLIST_FILE = mc1/Info.plist;
				INFOPLIST_KEY_NSCameraUsageDescription = "";
				INFOPLIST_KEY_UIApplicationSceneManifest_Generation = YES;
				INFOPLIST_KEY_UIApplicationSupportsIndirectInputEvents = YES;
				INFOPLIST_KEY_UILaunchScreen_Generation = YES;
				INFOPLIST_KEY_UISupportedInterfaceOrientations_iPad = "UIInterfaceOrientationPortrait UIInterfaceOrientationPortraitUpsideDown UIInterfaceOrientationLandscapeLeft UIInterfaceOrientationLandscapeRight";
				INFOPLIST_KEY_UISupportedInterfaceOrientations_iPhone = "UIInterfaceOrientationPortrait UIInterfaceOrientationLandscapeLeft UIInterfaceOrientationLandscapeRight";
				LD_RUNPATH_SEARCH_PATHS = (
					"$(inherited)",
					"@executable_path/Frameworks",
				);
				MARKETING_VERSION = 1.0;
				PRODUCT_BUNDLE_IDENTIFIER = com.ada.mc1;
				PRODUCT_NAME = "$(TARGET_NAME)";
				SWIFT_EMIT_LOC_STRINGS = YES;
				SWIFT_VERSION = 5.0;
				TARGETED_DEVICE_FAMILY = "1,2";
			};
			name = Debug;
		};
		94B60C9029DAAFF300BB7501 /* Release */ = {
			isa = XCBuildConfiguration;
			buildSettings = {
				ASSETCATALOG_COMPILER_APPICON_NAME = AppIcon;
				ASSETCATALOG_COMPILER_GLOBAL_ACCENT_COLOR_NAME = AccentColor;
				CODE_SIGN_STYLE = Automatic;
				CURRENT_PROJECT_VERSION = 1;
				DEVELOPMENT_ASSET_PATHS = "\"mc1/Preview Content\"";
				DEVELOPMENT_TEAM = 4QQ5D4534V;
				ENABLE_PREVIEWS = YES;
				GENERATE_INFOPLIST_FILE = YES;
				INFOPLIST_FILE = mc1/Info.plist;
				INFOPLIST_KEY_NSCameraUsageDescription = "";
				INFOPLIST_KEY_UIApplicationSceneManifest_Generation = YES;
				INFOPLIST_KEY_UIApplicationSupportsIndirectInputEvents = YES;
				INFOPLIST_KEY_UILaunchScreen_Generation = YES;
				INFOPLIST_KEY_UISupportedInterfaceOrientations_iPad = "UIInterfaceOrientationPortrait UIInterfaceOrientationPortraitUpsideDown UIInterfaceOrientationLandscapeLeft UIInterfaceOrientationLandscapeRight";
				INFOPLIST_KEY_UISupportedInterfaceOrientations_iPhone = "UIInterfaceOrientationPortrait UIInterfaceOrientationLandscapeLeft UIInterfaceOrientationLandscapeRight";
				LD_RUNPATH_SEARCH_PATHS = (
					"$(inherited)",
					"@executable_path/Frameworks",
				);
				MARKETING_VERSION = 1.0;
				PRODUCT_BUNDLE_IDENTIFIER = com.ada.mc1;
				PRODUCT_NAME = "$(TARGET_NAME)";
				SWIFT_EMIT_LOC_STRINGS = YES;
				SWIFT_VERSION = 5.0;
				TARGETED_DEVICE_FAMILY = "1,2";
			};
			name = Release;
		};
		94B60C9229DAAFF300BB7501 /* Debug */ = {
			isa = XCBuildConfiguration;
			buildSettings = {
				ALWAYS_EMBED_SWIFT_STANDARD_LIBRARIES = YES;
				BUNDLE_LOADER = "$(TEST_HOST)";
				CODE_SIGN_STYLE = Automatic;
				CURRENT_PROJECT_VERSION = 1;
				GENERATE_INFOPLIST_FILE = YES;
				IPHONEOS_DEPLOYMENT_TARGET = 16.2;
				MARKETING_VERSION = 1.0;
				PRODUCT_BUNDLE_IDENTIFIER = com.ada.mc1Tests;
				PRODUCT_NAME = "$(TARGET_NAME)";
				SWIFT_EMIT_LOC_STRINGS = NO;
				SWIFT_VERSION = 5.0;
				TARGETED_DEVICE_FAMILY = "1,2";
				TEST_HOST = "$(BUILT_PRODUCTS_DIR)/mc1.app/$(BUNDLE_EXECUTABLE_FOLDER_PATH)/mc1";
			};
			name = Debug;
		};
		94B60C9329DAAFF300BB7501 /* Release */ = {
			isa = XCBuildConfiguration;
			buildSettings = {
				ALWAYS_EMBED_SWIFT_STANDARD_LIBRARIES = YES;
				BUNDLE_LOADER = "$(TEST_HOST)";
				CODE_SIGN_STYLE = Automatic;
				CURRENT_PROJECT_VERSION = 1;
				GENERATE_INFOPLIST_FILE = YES;
				IPHONEOS_DEPLOYMENT_TARGET = 16.2;
				MARKETING_VERSION = 1.0;
				PRODUCT_BUNDLE_IDENTIFIER = com.ada.mc1Tests;
				PRODUCT_NAME = "$(TARGET_NAME)";
				SWIFT_EMIT_LOC_STRINGS = NO;
				SWIFT_VERSION = 5.0;
				TARGETED_DEVICE_FAMILY = "1,2";
				TEST_HOST = "$(BUILT_PRODUCTS_DIR)/mc1.app/$(BUNDLE_EXECUTABLE_FOLDER_PATH)/mc1";
			};
			name = Release;
		};
		94B60C9529DAAFF300BB7501 /* Debug */ = {
			isa = XCBuildConfiguration;
			buildSettings = {
				ALWAYS_EMBED_SWIFT_STANDARD_LIBRARIES = YES;
				CODE_SIGN_STYLE = Automatic;
				CURRENT_PROJECT_VERSION = 1;
				GENERATE_INFOPLIST_FILE = YES;
				MARKETING_VERSION = 1.0;
				PRODUCT_BUNDLE_IDENTIFIER = com.ada.mc1UITests;
				PRODUCT_NAME = "$(TARGET_NAME)";
				SWIFT_EMIT_LOC_STRINGS = NO;
				SWIFT_VERSION = 5.0;
				TARGETED_DEVICE_FAMILY = "1,2";
				TEST_TARGET_NAME = mc1;
			};
			name = Debug;
		};
		94B60C9629DAAFF300BB7501 /* Release */ = {
			isa = XCBuildConfiguration;
			buildSettings = {
				ALWAYS_EMBED_SWIFT_STANDARD_LIBRARIES = YES;
				CODE_SIGN_STYLE = Automatic;
				CURRENT_PROJECT_VERSION = 1;
				GENERATE_INFOPLIST_FILE = YES;
				MARKETING_VERSION = 1.0;
				PRODUCT_BUNDLE_IDENTIFIER = com.ada.mc1UITests;
				PRODUCT_NAME = "$(TARGET_NAME)";
				SWIFT_EMIT_LOC_STRINGS = NO;
				SWIFT_VERSION = 5.0;
				TARGETED_DEVICE_FAMILY = "1,2";
				TEST_TARGET_NAME = mc1;
			};
			name = Release;
		};
/* End XCBuildConfiguration section */

/* Begin XCConfigurationList section */
		94B60C6529DAAFF200BB7501 /* Build configuration list for PBXProject "mc1" */ = {
			isa = XCConfigurationList;
			buildConfigurations = (
				94B60C8C29DAAFF300BB7501 /* Debug */,
				94B60C8D29DAAFF300BB7501 /* Release */,
			);
			defaultConfigurationIsVisible = 0;
			defaultConfigurationName = Release;
		};
		94B60C8E29DAAFF300BB7501 /* Build configuration list for PBXNativeTarget "mc1" */ = {
			isa = XCConfigurationList;
			buildConfigurations = (
				94B60C8F29DAAFF300BB7501 /* Debug */,
				94B60C9029DAAFF300BB7501 /* Release */,
			);
			defaultConfigurationIsVisible = 0;
			defaultConfigurationName = Release;
		};
		94B60C9129DAAFF300BB7501 /* Build configuration list for PBXNativeTarget "mc1Tests" */ = {
			isa = XCConfigurationList;
			buildConfigurations = (
				94B60C9229DAAFF300BB7501 /* Debug */,
				94B60C9329DAAFF300BB7501 /* Release */,
			);
			defaultConfigurationIsVisible = 0;
			defaultConfigurationName = Release;
		};
		94B60C9429DAAFF300BB7501 /* Build configuration list for PBXNativeTarget "mc1UITests" */ = {
			isa = XCConfigurationList;
			buildConfigurations = (
				94B60C9529DAAFF300BB7501 /* Debug */,
				94B60C9629DAAFF300BB7501 /* Release */,
			);
			defaultConfigurationIsVisible = 0;
			defaultConfigurationName = Release;
		};
/* End XCConfigurationList section */
	};
	rootObject = 94B60C6229DAAFF200BB7501 /* Project object */;
}
